{
  "name": "not-br-backend-exmaple",
  "version": "1.0.0",
  "lockfileVersion": 2,
  "requires": true,
  "packages": {
    "": {
      "name": "not-br-backend-exmaple",
      "version": "1.0.0",
      "license": "ISC",
      "dependencies": {
        "not-br-node": "file:../../not-br-node"
      }
    },
    "../../not-br-node": {
      "version": "0.0.0",
      "license": "MIT",
      "devDependencies": {
        "@napi-rs/cli": "^2.10.1",
        "ava": "^4.3.0"
      },
      "engines": {
        "node": ">= 10"
      }
    },
    "node_modules/not-br-node": {
      "resolved": "../../not-br-node",
      "link": true
    }
  },
  "dependencies": {
    "not-br-node": {
      "version": "file:../../not-br-node",
      "requires": {
        "@napi-rs/cli": "^2.10.1",
        "ava": "^4.3.0"
      }
    }
  }
}
